// !$*UTF8*$!
{
	archiveVersion = 1;
	classes = {
	};
	objectVersion = 46;
	objects = {

/* Begin PBXBuildFile section */
		BFC15017191F7EFE003C439D /* Foundation.framework in Frameworks */ = {isa = PBXBuildFile; fileRef = BFC15016191F7EFE003C439D /* Foundation.framework */; };
		BFC15019191F7EFE003C439D /* CoreGraphics.framework in Frameworks */ = {isa = PBXBuildFile; fileRef = BFC15018191F7EFE003C439D /* CoreGraphics.framework */; };
		BFC1501B191F7EFE003C439D /* UIKit.framework in Frameworks */ = {isa = PBXBuildFile; fileRef = BFC1501A191F7EFE003C439D /* UIKit.framework */; };
		BFC15021191F7EFE003C439D /* InfoPlist.strings in Resources */ = {isa = PBXBuildFile; fileRef = BFC1501F191F7EFE003C439D /* InfoPlist.strings */; };
		BFC15023191F7EFE003C439D /* main.m in Sources */ = {isa = PBXBuildFile; fileRef = BFC15022191F7EFE003C439D /* main.m */; };
		BFC15027191F7EFE003C439D /* AppDelegate.m in Sources */ = {isa = PBXBuildFile; fileRef = BFC15026191F7EFE003C439D /* AppDelegate.m */; };
		BFC1502A191F7EFE003C439D /* Main.storyboard in Resources */ = {isa = PBXBuildFile; fileRef = BFC15028191F7EFE003C439D /* Main.storyboard */; };
		BFC1502D191F7EFE003C439D /* MasterViewController.m in Sources */ = {isa = PBXBuildFile; fileRef = BFC1502C191F7EFE003C439D /* MasterViewController.m */; };
		BFC15030191F7EFE003C439D /* DetailViewController.m in Sources */ = {isa = PBXBuildFile; fileRef = BFC1502F191F7EFE003C439D /* DetailViewController.m */; };
		BFC15032191F7EFE003C439D /* Images.xcassets in Resources */ = {isa = PBXBuildFile; fileRef = BFC15031191F7EFE003C439D /* Images.xcassets */; };
		BFC15039191F7EFE003C439D /* XCTest.framework in Frameworks */ = {isa = PBXBuildFile; fileRef = BFC15038191F7EFE003C439D /* XCTest.framework */; };
		BFC1503A191F7EFE003C439D /* Foundation.framework in Frameworks */ = {isa = PBXBuildFile; fileRef = BFC15016191F7EFE003C439D /* Foundation.framework */; };
		BFC1503B191F7EFE003C439D /* UIKit.framework in Frameworks */ = {isa = PBXBuildFile; fileRef = BFC1501A191F7EFE003C439D /* UIKit.framework */; };
		BFC15043191F7EFE003C439D /* InfoPlist.strings in Resources */ = {isa = PBXBuildFile; fileRef = BFC15041191F7EFE003C439D /* InfoPlist.strings */; };
		BFC15045191F7EFE003C439D /* ReproSurveyTests.m in Sources */ = {isa = PBXBuildFile; fileRef = BFC15044191F7EFE003C439D /* ReproSurveyTests.m */; };
/* End PBXBuildFile section */

/* Begin PBXContainerItemProxy section */
		BFC1503C191F7EFE003C439D /* PBXContainerItemProxy */ = {
			isa = PBXContainerItemProxy;
			containerPortal = BFC1500B191F7EFE003C439D /* Project object */;
			proxyType = 1;
			remoteGlobalIDString = BFC15012191F7EFE003C439D;
			remoteInfo = ReproSurvey;
		};
/* End PBXContainerItemProxy section */

/* Begin PBXFileReference section */
		BFC15013191F7EFE003C439D /* ReproSurvey.app */ = {isa = PBXFileReference; explicitFileType = wrapper.application; includeInIndex = 0; path = ReproSurvey.app; sourceTree = BUILT_PRODUCTS_DIR; };
		BFC15016191F7EFE003C439D /* Foundation.framework */ = {isa = PBXFileReference; lastKnownFileType = wrapper.framework; name = Foundation.framework; path = System/Library/Frameworks/Foundation.framework; sourceTree = SDKROOT; };
		BFC15018191F7EFE003C439D /* CoreGraphics.framework */ = {isa = PBXFileReference; lastKnownFileType = wrapper.framework; name = CoreGraphics.framework; path = System/Library/Frameworks/CoreGraphics.framework; sourceTree = SDKROOT; };
		BFC1501A191F7EFE003C439D /* UIKit.framework */ = {isa = PBXFileReference; lastKnownFileType = wrapper.framework; name = UIKit.framework; path = System/Library/Frameworks/UIKit.framework; sourceTree = SDKROOT; };
		BFC1501E191F7EFE003C439D /* ReproSurvey-Info.plist */ = {isa = PBXFileReference; lastKnownFileType = text.plist.xml; path = "ReproSurvey-Info.plist"; sourceTree = "<group>"; };
		BFC15020191F7EFE003C439D /* en */ = {isa = PBXFileReference; lastKnownFileType = text.plist.strings; name = en; path = en.lproj/InfoPlist.strings; sourceTree = "<group>"; };
		BFC15022191F7EFE003C439D /* main.m */ = {isa = PBXFileReference; lastKnownFileType = sourcecode.c.objc; path = main.m; sourceTree = "<group>"; };
		BFC15024191F7EFE003C439D /* ReproSurvey-Prefix.pch */ = {isa = PBXFileReference; lastKnownFileType = sourcecode.c.h; path = "ReproSurvey-Prefix.pch"; sourceTree = "<group>"; };
		BFC15025191F7EFE003C439D /* AppDelegate.h */ = {isa = PBXFileReference; lastKnownFileType = sourcecode.c.h; path = AppDelegate.h; sourceTree = "<group>"; };
		BFC15026191F7EFE003C439D /* AppDelegate.m */ = {isa = PBXFileReference; lastKnownFileType = sourcecode.c.objc; path = AppDelegate.m; sourceTree = "<group>"; };
		BFC15029191F7EFE003C439D /* Base */ = {isa = PBXFileReference; lastKnownFileType = file.storyboard; name = Base; path = Base.lproj/Main.storyboard; sourceTree = "<group>"; };
		BFC1502B191F7EFE003C439D /* MasterViewController.h */ = {isa = PBXFileReference; lastKnownFileType = sourcecode.c.h; path = MasterViewController.h; sourceTree = "<group>"; };
		BFC1502C191F7EFE003C439D /* MasterViewController.m */ = {isa = PBXFileReference; lastKnownFileType = sourcecode.c.objc; path = MasterViewController.m; sourceTree = "<group>"; };
		BFC1502E191F7EFE003C439D /* DetailViewController.h */ = {isa = PBXFileReference; lastKnownFileType = sourcecode.c.h; path = DetailViewController.h; sourceTree = "<group>"; };
		BFC1502F191F7EFE003C439D /* DetailViewController.m */ = {isa = PBXFileReference; lastKnownFileType = sourcecode.c.objc; path = DetailViewController.m; sourceTree = "<group>"; };
		BFC15031191F7EFE003C439D /* Images.xcassets */ = {isa = PBXFileReference; lastKnownFileType = folder.assetcatalog; path = Images.xcassets; sourceTree = "<group>"; };
		BFC15037191F7EFE003C439D /* ReproSurveyTests.xctest */ = {isa = PBXFileReference; explicitFileType = wrapper.cfbundle; includeInIndex = 0; path = ReproSurveyTests.xctest; sourceTree = BUILT_PRODUCTS_DIR; };
		BFC15038191F7EFE003C439D /* XCTest.framework */ = {isa = PBXFileReference; lastKnownFileType = wrapper.framework; name = XCTest.framework; path = Library/Frameworks/XCTest.framework; sourceTree = DEVELOPER_DIR; };
		BFC15040191F7EFE003C439D /* ReproSurveyTests-Info.plist */ = {isa = PBXFileReference; lastKnownFileType = text.plist.xml; path = "ReproSurveyTests-Info.plist"; sourceTree = "<group>"; };
		BFC15042191F7EFE003C439D /* en */ = {isa = PBXFileReference; lastKnownFileType = text.plist.strings; name = en; path = en.lproj/InfoPlist.strings; sourceTree = "<group>"; };
		BFC15044191F7EFE003C439D /* ReproSurveyTests.m */ = {isa = PBXFileReference; lastKnownFileType = sourcecode.c.objc; path = ReproSurveyTests.m; sourceTree = "<group>"; };
/* End PBXFileReference section */

/* Begin PBXFrameworksBuildPhase section */
		BFC15010191F7EFE003C439D /* Frameworks */ = {
			isa = PBXFrameworksBuildPhase;
			buildActionMask = 2147483647;
			files = (
				BFC15019191F7EFE003C439D /* CoreGraphics.framework in Frameworks */,
				BFC1501B191F7EFE003C439D /* UIKit.framework in Frameworks */,
				BFC15017191F7EFE003C439D /* Foundation.framework in Frameworks */,
			);
			runOnlyForDeploymentPostprocessing = 0;
		};
		BFC15034191F7EFE003C439D /* Frameworks */ = {
			isa = PBXFrameworksBuildPhase;
			buildActionMask = 2147483647;
			files = (
				BFC15039191F7EFE003C439D /* XCTest.framework in Frameworks */,
				BFC1503B191F7EFE003C439D /* UIKit.framework in Frameworks */,
				BFC1503A191F7EFE003C439D /* Foundation.framework in Frameworks */,
			);
			runOnlyForDeploymentPostprocessing = 0;
		};
/* End PBXFrameworksBuildPhase section */

/* Begin PBXGroup section */
		BFC1500A191F7EFE003C439D = {
			isa = PBXGroup;
			children = (
				BFC1501C191F7EFE003C439D /* ReproSurvey */,
				BFC1503E191F7EFE003C439D /* ReproSurveyTests */,
				BFC15015191F7EFE003C439D /* Frameworks */,
				BFC15014191F7EFE003C439D /* Products */,
			);
			sourceTree = "<group>";
		};
		BFC15014191F7EFE003C439D /* Products */ = {
			isa = PBXGroup;
			children = (
				BFC15013191F7EFE003C439D /* ReproSurvey.app */,
				BFC15037191F7EFE003C439D /* ReproSurveyTests.xctest */,
			);
			name = Products;
			sourceTree = "<group>";
		};
		BFC15015191F7EFE003C439D /* Frameworks */ = {
			isa = PBXGroup;
			children = (
				BFC15016191F7EFE003C439D /* Foundation.framework */,
				BFC15018191F7EFE003C439D /* CoreGraphics.framework */,
				BFC1501A191F7EFE003C439D /* UIKit.framework */,
				BFC15038191F7EFE003C439D /* XCTest.framework */,
			);
			name = Frameworks;
			sourceTree = "<group>";
		};
		BFC1501C191F7EFE003C439D /* ReproSurvey */ = {
			isa = PBXGroup;
			children = (
				BFC15025191F7EFE003C439D /* AppDelegate.h */,
				BFC15026191F7EFE003C439D /* AppDelegate.m */,
				BFC15028191F7EFE003C439D /* Main.storyboard */,
				BFC1502B191F7EFE003C439D /* MasterViewController.h */,
				BFC1502C191F7EFE003C439D /* MasterViewController.m */,
				BFC1502E191F7EFE003C439D /* DetailViewController.h */,
				BFC1502F191F7EFE003C439D /* DetailViewController.m */,
				BFC15031191F7EFE003C439D /* Images.xcassets */,
				BFC1501D191F7EFE003C439D /* Supporting Files */,
			);
			path = ReproSurvey;
			sourceTree = "<group>";
		};
		BFC1501D191F7EFE003C439D /* Supporting Files */ = {
			isa = PBXGroup;
			children = (
				BFC1501E191F7EFE003C439D /* ReproSurvey-Info.plist */,
				BFC1501F191F7EFE003C439D /* InfoPlist.strings */,
				BFC15022191F7EFE003C439D /* main.m */,
				BFC15024191F7EFE003C439D /* ReproSurvey-Prefix.pch */,
			);
			name = "Supporting Files";
			sourceTree = "<group>";
		};
		BFC1503E191F7EFE003C439D /* ReproSurveyTests */ = {
			isa = PBXGroup;
			children = (
				BFC15044191F7EFE003C439D /* ReproSurveyTests.m */,
				BFC1503F191F7EFE003C439D /* Supporting Files */,
			);
			path = ReproSurveyTests;
			sourceTree = "<group>";
		};
		BFC1503F191F7EFE003C439D /* Supporting Files */ = {
			isa = PBXGroup;
			children = (
				BFC15040191F7EFE003C439D /* ReproSurveyTests-Info.plist */,
				BFC15041191F7EFE003C439D /* InfoPlist.strings */,
			);
			name = "Supporting Files";
			sourceTree = "<group>";
		};
/* End PBXGroup section */

/* Begin PBXNativeTarget section */
		BFC15012191F7EFE003C439D /* ReproSurvey */ = {
			isa = PBXNativeTarget;
			buildConfigurationList = BFC15048191F7EFE003C439D /* Build configuration list for PBXNativeTarget "ReproSurvey" */;
			buildPhases = (
				BFC1500F191F7EFE003C439D /* Sources */,
				BFC15010191F7EFE003C439D /* Frameworks */,
				BFC15011191F7EFE003C439D /* Resources */,
			);
			buildRules = (
			);
			dependencies = (
			);
			name = ReproSurvey;
			productName = ReproSurvey;
			productReference = BFC15013191F7EFE003C439D /* ReproSurvey.app */;
			productType = "com.apple.product-type.application";
		};
		BFC15036191F7EFE003C439D /* ReproSurveyTests */ = {
			isa = PBXNativeTarget;
			buildConfigurationList = BFC1504B191F7EFE003C439D /* Build configuration list for PBXNativeTarget "ReproSurveyTests" */;
			buildPhases = (
				BFC15033191F7EFE003C439D /* Sources */,
				BFC15034191F7EFE003C439D /* Frameworks */,
				BFC15035191F7EFE003C439D /* Resources */,
			);
			buildRules = (
			);
			dependencies = (
				BFC1503D191F7EFE003C439D /* PBXTargetDependency */,
			);
			name = ReproSurveyTests;
			productName = ReproSurveyTests;
			productReference = BFC15037191F7EFE003C439D /* ReproSurveyTests.xctest */;
			productType = "com.apple.product-type.bundle.unit-test";
		};
/* End PBXNativeTarget section */

/* Begin PBXProject section */
		BFC1500B191F7EFE003C439D /* Project object */ = {
			isa = PBXProject;
			attributes = {
				LastUpgradeCheck = 0510;
				ORGANIZATIONNAME = akira;
				TargetAttributes = {
					BFC15036191F7EFE003C439D = {
						TestTargetID = BFC15012191F7EFE003C439D;
					};
				};
			};
			buildConfigurationList = BFC1500E191F7EFE003C439D /* Build configuration list for PBXProject "ReproSurvey" */;
			compatibilityVersion = "Xcode 3.2";
			developmentRegion = English;
			hasScannedForEncodings = 0;
			knownRegions = (
				en,
				Base,
			);
			mainGroup = BFC1500A191F7EFE003C439D;
			productRefGroup = BFC15014191F7EFE003C439D /* Products */;
			projectDirPath = "";
			projectRoot = "";
			targets = (
				BFC15012191F7EFE003C439D /* ReproSurvey */,
				BFC15036191F7EFE003C439D /* ReproSurveyTests */,
			);
		};
/* End PBXProject section */

/* Begin PBXResourcesBuildPhase section */
		BFC15011191F7EFE003C439D /* Resources */ = {
			isa = PBXResourcesBuildPhase;
			buildActionMask = 2147483647;
			files = (
				BFC15032191F7EFE003C439D /* Images.xcassets in Resources */,
				BFC15021191F7EFE003C439D /* InfoPlist.strings in Resources */,
				BFC1502A191F7EFE003C439D /* Main.storyboard in Resources */,
			);
			runOnlyForDeploymentPostprocessing = 0;
		};
		BFC15035191F7EFE003C439D /* Resources */ = {
			isa = PBXResourcesBuildPhase;
			buildActionMask = 2147483647;
			files = (
				BFC15043191F7EFE003C439D /* InfoPlist.strings in Resources */,
			);
			runOnlyForDeploymentPostprocessing = 0;
		};
/* End PBXResourcesBuildPhase section */

/* Begin PBXSourcesBuildPhase section */
		BFC1500F191F7EFE003C439D /* Sources */ = {
			isa = PBXSourcesBuildPhase;
			buildActionMask = 2147483647;
			files = (
				BFC15027191F7EFE003C439D /* AppDelegate.m in Sources */,
				BFC1502D191F7EFE003C439D /* MasterViewController.m in Sources */,
				BFC15023191F7EFE003C439D /* main.m in Sources */,
				BFC15030191F7EFE003C439D /* DetailViewController.m in Sources */,
			);
			runOnlyForDeploymentPostprocessing = 0;
		};
		BFC15033191F7EFE003C439D /* Sources */ = {
			isa = PBXSourcesBuildPhase;
			buildActionMask = 2147483647;
			files = (
				BFC15045191F7EFE003C439D /* ReproSurveyTests.m in Sources */,
			);
			runOnlyForDeploymentPostprocessing = 0;
		};
/* End PBXSourcesBuildPhase section */

/* Begin PBXTargetDependency section */
		BFC1503D191F7EFE003C439D /* PBXTargetDependency */ = {
			isa = PBXTargetDependency;
			target = BFC15012191F7EFE003C439D /* ReproSurvey */;
			targetProxy = BFC1503C191F7EFE003C439D /* PBXContainerItemProxy */;
		};
/* End PBXTargetDependency section */

/* Begin PBXVariantGroup section */
		BFC1501F191F7EFE003C439D /* InfoPlist.strings */ = {
			isa = PBXVariantGroup;
			children = (
				BFC15020191F7EFE003C439D /* en */,
			);
			name = InfoPlist.strings;
			sourceTree = "<group>";
		};
		BFC15028191F7EFE003C439D /* Main.storyboard */ = {
			isa = PBXVariantGroup;
			children = (
				BFC15029191F7EFE003C439D /* Base */,
			);
			name = Main.storyboard;
			sourceTree = "<group>";
		};
		BFC15041191F7EFE003C439D /* InfoPlist.strings */ = {
			isa = PBXVariantGroup;
			children = (
				BFC15042191F7EFE003C439D /* en */,
			);
			name = InfoPlist.strings;
			sourceTree = "<group>";
		};
/* End PBXVariantGroup section */

/* Begin XCBuildConfiguration section */
		BFC15046191F7EFE003C439D /* Debug */ = {
			isa = XCBuildConfiguration;
			buildSettings = {
				ALWAYS_SEARCH_USER_PATHS = NO;
				CLANG_CXX_LANGUAGE_STANDARD = "gnu++0x";
				CLANG_CXX_LIBRARY = "libc++";
				CLANG_ENABLE_MODULES = YES;
				CLANG_ENABLE_OBJC_ARC = YES;
				CLANG_WARN_BOOL_CONVERSION = YES;
				CLANG_WARN_CONSTANT_CONVERSION = YES;
				CLANG_WARN_DIRECT_OBJC_ISA_USAGE = YES_ERROR;
				CLANG_WARN_EMPTY_BODY = YES;
				CLANG_WARN_ENUM_CONVERSION = YES;
				CLANG_WARN_INT_CONVERSION = YES;
				CLANG_WARN_OBJC_ROOT_CLASS = YES_ERROR;
				CLANG_WARN__DUPLICATE_METHOD_MATCH = YES;
				"CODE_SIGN_IDENTITY[sdk=iphoneos*]" = "iPhone Developer";
				COPY_PHASE_STRIP = NO;
				GCC_C_LANGUAGE_STANDARD = gnu99;
				GCC_DYNAMIC_NO_PIC = NO;
				GCC_OPTIMIZATION_LEVEL = 0;
				GCC_PREPROCESSOR_DEFINITIONS = (
					"DEBUG=1",
					"$(inherited)",
				);
				GCC_SYMBOLS_PRIVATE_EXTERN = NO;
				GCC_WARN_64_TO_32_BIT_CONVERSION = YES;
				GCC_WARN_ABOUT_RETURN_TYPE = YES_ERROR;
				GCC_WARN_UNDECLARED_SELECTOR = YES;
				GCC_WARN_UNINITIALIZED_AUTOS = YES_AGGRESSIVE;
				GCC_WARN_UNUSED_FUNCTION = YES;
				GCC_WARN_UNUSED_VARIABLE = YES;
				IPHONEOS_DEPLOYMENT_TARGET = 7.1;
				ONLY_ACTIVE_ARCH = YES;
				SDKROOT = iphoneos;
			};
			name = Debug;
		};
		BFC15047191F7EFE003C439D /* Release */ = {
			isa = XCBuildConfiguration;
			buildSettings = {
				ALWAYS_SEARCH_USER_PATHS = NO;
				CLANG_CXX_LANGUAGE_STANDARD = "gnu++0x";
				CLANG_CXX_LIBRARY = "libc++";
				CLANG_ENABLE_MODULES = YES;
				CLANG_ENABLE_OBJC_ARC = YES;
				CLANG_WARN_BOOL_CONVERSION = YES;
				CLANG_WARN_CONSTANT_CONVERSION = YES;
				CLANG_WARN_DIRECT_OBJC_ISA_USAGE = YES_ERROR;
				CLANG_WARN_EMPTY_BODY = YES;
				CLANG_WARN_ENUM_CONVERSION = YES;
				CLANG_WARN_INT_CONVERSION = YES;
				CLANG_WARN_OBJC_ROOT_CLASS = YES_ERROR;
				CLANG_WARN__DUPLICATE_METHOD_MATCH = YES;
				"CODE_SIGN_IDENTITY[sdk=iphoneos*]" = "iPhone Developer";
				COPY_PHASE_STRIP = YES;
				ENABLE_NS_ASSERTIONS = NO;
				GCC_C_LANGUAGE_STANDARD = gnu99;
				GCC_WARN_64_TO_32_BIT_CONVERSION = YES;
				GCC_WARN_ABOUT_RETURN_TYPE = YES_ERROR;
				GCC_WARN_UNDECLARED_SELECTOR = YES;
				GCC_WARN_UNINITIALIZED_AUTOS = YES_AGGRESSIVE;
				GCC_WARN_UNUSED_FUNCTION = YES;
				GCC_WARN_UNUSED_VARIABLE = YES;
				IPHONEOS_DEPLOYMENT_TARGET = 7.1;
				SDKROOT = iphoneos;
				VALIDATE_PRODUCT = YES;
			};
			name = Release;
		};
		BFC15049191F7EFE003C439D /* Debug */ = {
			isa = XCBuildConfiguration;
			buildSettings = {
				ASSETCATALOG_COMPILER_APPICON_NAME = AppIcon;
				ASSETCATALOG_COMPILER_LAUNCHIMAGE_NAME = LaunchImage;
				FRAMEWORK_SEARCH_PATHS = (
					"$(inherited)",
					"$(SRCROOT)/../../",
					"$(SRCROOT)/../vendor",
				);
				GCC_PRECOMPILE_PREFIX_HEADER = YES;
				GCC_PREFIX_HEADER = "ReproSurvey/ReproSurvey-Prefix.pch";
				INFOPLIST_FILE = "ReproSurvey/ReproSurvey-Info.plist";
				PRODUCT_NAME = "$(TARGET_NAME)";
				WRAPPER_EXTENSION = app;
			};
			name = Debug;
		};
		BFC1504A191F7EFE003C439D /* Release */ = {
			isa = XCBuildConfiguration;
			buildSettings = {
				ASSETCATALOG_COMPILER_APPICON_NAME = AppIcon;
				ASSETCATALOG_COMPILER_LAUNCHIMAGE_NAME = LaunchImage;
				FRAMEWORK_SEARCH_PATHS = (
					"$(inherited)",
					"$(SRCROOT)/../../",
					"$(SRCROOT)/../vendor",
				);
				GCC_PRECOMPILE_PREFIX_HEADER = YES;
				GCC_PREFIX_HEADER = "ReproSurvey/ReproSurvey-Prefix.pch";
				INFOPLIST_FILE = "ReproSurvey/ReproSurvey-Info.plist";
				PRODUCT_NAME = "$(TARGET_NAME)";
				WRAPPER_EXTENSION = app;
			};
			name = Release;
		};
		BFC1504C191F7EFE003C439D /* Debug */ = {
			isa = XCBuildConfiguration;
			buildSettings = {
				BUNDLE_LOADER = "$(BUILT_PRODUCTS_DIR)/ReproSurvey.app/ReproSurvey";
				FRAMEWORK_SEARCH_PATHS = (
					"$(SDKROOT)/Developer/Library/Frameworks",
					"$(inherited)",
					"$(DEVELOPER_FRAMEWORKS_DIR)",
				);
				GCC_PRECOMPILE_PREFIX_HEADER = YES;
				GCC_PREFIX_HEADER = "ReproSurvey/ReproSurvey-Prefix.pch";
				GCC_PREPROCESSOR_DEFINITIONS = (
					"DEBUG=1",
					"$(inherited)",
				);
				INFOPLIST_FILE = "ReproSurveyTests/ReproSurveyTests-Info.plist";
				PRODUCT_NAME = "$(TARGET_NAME)";
				TEST_HOST = "$(BUNDLE_LOADER)";
				WRAPPER_EXTENSION = xctest;
			};
			name = Debug;
		};
		BFC1504D191F7EFE003C439D /* Release */ = {
			isa = XCBuildConfiguration;
			buildSettings = {
				BUNDLE_LOADER = "$(BUILT_PRODUCTS_DIR)/ReproSurvey.app/ReproSurvey";
				FRAMEWORK_SEARCH_PATHS = (
					"$(SDKROOT)/Developer/Library/Frameworks",
					"$(inherited)",
					"$(DEVELOPER_FRAMEWORKS_DIR)",
				);
				GCC_PRECOMPILE_PREFIX_HEADER = YES;
				GCC_PREFIX_HEADER = "ReproSurvey/ReproSurvey-Prefix.pch";
				INFOPLIST_FILE = "ReproSurveyTests/ReproSurveyTests-Info.plist";
				PRODUCT_NAME = "$(TARGET_NAME)";
				TEST_HOST = "$(BUNDLE_LOADER)";
				WRAPPER_EXTENSION = xctest;
			};
			name = Release;
		};
/* End XCBuildConfiguration section */

/* Begin XCConfigurationList section */
		BFC1500E191F7EFE003C439D /* Build configuration list for PBXProject "ReproSurvey" */ = {
			isa = XCConfigurationList;
			buildConfigurations = (
				BFC15046191F7EFE003C439D /* Debug */,
				BFC15047191F7EFE003C439D /* Release */,
			);
			defaultConfigurationIsVisible = 0;
			defaultConfigurationName = Release;
		};
		BFC15048191F7EFE003C439D /* Build configuration list for PBXNativeTarget "ReproSurvey" */ = {
			isa = XCConfigurationList;
			buildConfigurations = (
				BFC15049191F7EFE003C439D /* Debug */,
				BFC1504A191F7EFE003C439D /* Release */,
			);
			defaultConfigurationIsVisible = 0;
			defaultConfigurationName = Release;
		};
		BFC1504B191F7EFE003C439D /* Build configuration list for PBXNativeTarget "ReproSurveyTests" */ = {
			isa = XCConfigurationList;
			buildConfigurations = (
				BFC1504C191F7EFE003C439D /* Debug */,
				BFC1504D191F7EFE003C439D /* Release */,
			);
			defaultConfigurationIsVisible = 0;
			defaultConfigurationName = Release;
		};
/* End XCConfigurationList section */
	};
	rootObject = BFC1500B191F7EFE003C439D /* Project object */;
}
