// !$*UTF8*$!
{
	archiveVersion = 1;
	classes = {
	};
	objectVersion = 46;
	objects = {

/* Begin PBXBuildFile section */
		BFC14FC7191F7D15003C439D /* Foundation.framework in Frameworks */ = {isa = PBXBuildFile; fileRef = BFC14FC6191F7D15003C439D /* Foundation.framework */; };
		BFC14FC9191F7D15003C439D /* CoreGraphics.framework in Frameworks */ = {isa = PBXBuildFile; fileRef = BFC14FC8191F7D15003C439D /* CoreGraphics.framework */; };
		BFC14FCB191F7D15003C439D /* UIKit.framework in Frameworks */ = {isa = PBXBuildFile; fileRef = BFC14FCA191F7D15003C439D /* UIKit.framework */; };
		BFC14FD1191F7D15003C439D /* InfoPlist.strings in Resources */ = {isa = PBXBuildFile; fileRef = BFC14FCF191F7D15003C439D /* InfoPlist.strings */; };
		BFC14FD3191F7D15003C439D /* main.m in Sources */ = {isa = PBXBuildFile; fileRef = BFC14FD2191F7D15003C439D /* main.m */; };
		BFC14FD7191F7D15003C439D /* AppDelegate.m in Sources */ = {isa = PBXBuildFile; fileRef = BFC14FD6191F7D15003C439D /* AppDelegate.m */; };
		BFC14FDA191F7D15003C439D /* Main.storyboard in Resources */ = {isa = PBXBuildFile; fileRef = BFC14FD8191F7D15003C439D /* Main.storyboard */; };
		BFC14FDD191F7D15003C439D /* MasterViewController.m in Sources */ = {isa = PBXBuildFile; fileRef = BFC14FDC191F7D15003C439D /* MasterViewController.m */; };
		BFC14FE0191F7D15003C439D /* DetailViewController.m in Sources */ = {isa = PBXBuildFile; fileRef = BFC14FDF191F7D15003C439D /* DetailViewController.m */; };
		BFC14FE2191F7D15003C439D /* Images.xcassets in Resources */ = {isa = PBXBuildFile; fileRef = BFC14FE1191F7D15003C439D /* Images.xcassets */; };
		BFC14FE9191F7D15003C439D /* XCTest.framework in Frameworks */ = {isa = PBXBuildFile; fileRef = BFC14FE8191F7D15003C439D /* XCTest.framework */; };
		BFC14FEA191F7D15003C439D /* Foundation.framework in Frameworks */ = {isa = PBXBuildFile; fileRef = BFC14FC6191F7D15003C439D /* Foundation.framework */; };
		BFC14FEB191F7D15003C439D /* UIKit.framework in Frameworks */ = {isa = PBXBuildFile; fileRef = BFC14FCA191F7D15003C439D /* UIKit.framework */; };
		BFC14FF3191F7D15003C439D /* InfoPlist.strings in Resources */ = {isa = PBXBuildFile; fileRef = BFC14FF1191F7D15003C439D /* InfoPlist.strings */; };
		BFC14FF5191F7D15003C439D /* ReproInsightTests.m in Sources */ = {isa = PBXBuildFile; fileRef = BFC14FF4191F7D15003C439D /* ReproInsightTests.m */; };
		BFC15002191F7D5A003C439D /* AWSRuntime.framework in Frameworks */ = {isa = PBXBuildFile; fileRef = BFC14FFE191F7D5A003C439D /* AWSRuntime.framework */; };
		BFC15003191F7D5A003C439D /* AWSS3.framework in Frameworks */ = {isa = PBXBuildFile; fileRef = BFC14FFF191F7D5A003C439D /* AWSS3.framework */; };
		BFC15004191F7D5A003C439D /* AWSSQS.framework in Frameworks */ = {isa = PBXBuildFile; fileRef = BFC15000191F7D5A003C439D /* AWSSQS.framework */; };
		BFC15005191F7D5A003C439D /* Repro.framework in Frameworks */ = {isa = PBXBuildFile; fileRef = BFC15001191F7D5A003C439D /* Repro.framework */; };
		BFC15007191F7D6B003C439D /* AVFoundation.framework in Frameworks */ = {isa = PBXBuildFile; fileRef = BFC15006191F7D6B003C439D /* AVFoundation.framework */; };
		BFC15009191F7D72003C439D /* CoreMedia.framework in Frameworks */ = {isa = PBXBuildFile; fileRef = BFC15008191F7D72003C439D /* CoreMedia.framework */; };
/* End PBXBuildFile section */

/* Begin PBXContainerItemProxy section */
		BFC14FEC191F7D15003C439D /* PBXContainerItemProxy */ = {
			isa = PBXContainerItemProxy;
			containerPortal = BFC14FBB191F7D15003C439D /* Project object */;
			proxyType = 1;
			remoteGlobalIDString = BFC14FC2191F7D15003C439D;
			remoteInfo = ReproInsight;
		};
/* End PBXContainerItemProxy section */

/* Begin PBXFileReference section */
		BFC14FC3191F7D15003C439D /* ReproInsight.app */ = {isa = PBXFileReference; explicitFileType = wrapper.application; includeInIndex = 0; path = ReproInsight.app; sourceTree = BUILT_PRODUCTS_DIR; };
		BFC14FC6191F7D15003C439D /* Foundation.framework */ = {isa = PBXFileReference; lastKnownFileType = wrapper.framework; name = Foundation.framework; path = System/Library/Frameworks/Foundation.framework; sourceTree = SDKROOT; };
		BFC14FC8191F7D15003C439D /* CoreGraphics.framework */ = {isa = PBXFileReference; lastKnownFileType = wrapper.framework; name = CoreGraphics.framework; path = System/Library/Frameworks/CoreGraphics.framework; sourceTree = SDKROOT; };
		BFC14FCA191F7D15003C439D /* UIKit.framework */ = {isa = PBXFileReference; lastKnownFileType = wrapper.framework; name = UIKit.framework; path = System/Library/Frameworks/UIKit.framework; sourceTree = SDKROOT; };
		BFC14FCE191F7D15003C439D /* ReproInsight-Info.plist */ = {isa = PBXFileReference; lastKnownFileType = text.plist.xml; path = "ReproInsight-Info.plist"; sourceTree = "<group>"; };
		BFC14FD0191F7D15003C439D /* en */ = {isa = PBXFileReference; lastKnownFileType = text.plist.strings; name = en; path = en.lproj/InfoPlist.strings; sourceTree = "<group>"; };
		BFC14FD2191F7D15003C439D /* main.m */ = {isa = PBXFileReference; lastKnownFileType = sourcecode.c.objc; path = main.m; sourceTree = "<group>"; };
		BFC14FD4191F7D15003C439D /* ReproInsight-Prefix.pch */ = {isa = PBXFileReference; lastKnownFileType = sourcecode.c.h; path = "ReproInsight-Prefix.pch"; sourceTree = "<group>"; };
		BFC14FD5191F7D15003C439D /* AppDelegate.h */ = {isa = PBXFileReference; lastKnownFileType = sourcecode.c.h; path = AppDelegate.h; sourceTree = "<group>"; };
		BFC14FD6191F7D15003C439D /* AppDelegate.m */ = {isa = PBXFileReference; lastKnownFileType = sourcecode.c.objc; path = AppDelegate.m; sourceTree = "<group>"; };
		BFC14FD9191F7D15003C439D /* Base */ = {isa = PBXFileReference; lastKnownFileType = file.storyboard; name = Base; path = Base.lproj/Main.storyboard; sourceTree = "<group>"; };
		BFC14FDB191F7D15003C439D /* MasterViewController.h */ = {isa = PBXFileReference; lastKnownFileType = sourcecode.c.h; path = MasterViewController.h; sourceTree = "<group>"; };
		BFC14FDC191F7D15003C439D /* MasterViewController.m */ = {isa = PBXFileReference; lastKnownFileType = sourcecode.c.objc; path = MasterViewController.m; sourceTree = "<group>"; };
		BFC14FDE191F7D15003C439D /* DetailViewController.h */ = {isa = PBXFileReference; lastKnownFileType = sourcecode.c.h; path = DetailViewController.h; sourceTree = "<group>"; };
		BFC14FDF191F7D15003C439D /* DetailViewController.m */ = {isa = PBXFileReference; lastKnownFileType = sourcecode.c.objc; path = DetailViewController.m; sourceTree = "<group>"; };
		BFC14FE1191F7D15003C439D /* Images.xcassets */ = {isa = PBXFileReference; lastKnownFileType = folder.assetcatalog; path = Images.xcassets; sourceTree = "<group>"; };
		BFC14FE7191F7D15003C439D /* ReproInsightTests.xctest */ = {isa = PBXFileReference; explicitFileType = wrapper.cfbundle; includeInIndex = 0; path = ReproInsightTests.xctest; sourceTree = BUILT_PRODUCTS_DIR; };
		BFC14FE8191F7D15003C439D /* XCTest.framework */ = {isa = PBXFileReference; lastKnownFileType = wrapper.framework; name = XCTest.framework; path = Library/Frameworks/XCTest.framework; sourceTree = DEVELOPER_DIR; };
		BFC14FF0191F7D15003C439D /* ReproInsightTests-Info.plist */ = {isa = PBXFileReference; lastKnownFileType = text.plist.xml; path = "ReproInsightTests-Info.plist"; sourceTree = "<group>"; };
		BFC14FF2191F7D15003C439D /* en */ = {isa = PBXFileReference; lastKnownFileType = text.plist.strings; name = en; path = en.lproj/InfoPlist.strings; sourceTree = "<group>"; };
		BFC14FF4191F7D15003C439D /* ReproInsightTests.m */ = {isa = PBXFileReference; lastKnownFileType = sourcecode.c.objc; path = ReproInsightTests.m; sourceTree = "<group>"; };
		BFC14FFE191F7D5A003C439D /* AWSRuntime.framework */ = {isa = PBXFileReference; lastKnownFileType = wrapper.framework; name = AWSRuntime.framework; path = vendor/AWSRuntime.framework; sourceTree = "<group>"; };
		BFC14FFF191F7D5A003C439D /* AWSS3.framework */ = {isa = PBXFileReference; lastKnownFileType = wrapper.framework; name = AWSS3.framework; path = vendor/AWSS3.framework; sourceTree = "<group>"; };
		BFC15000191F7D5A003C439D /* AWSSQS.framework */ = {isa = PBXFileReference; lastKnownFileType = wrapper.framework; name = AWSSQS.framework; path = vendor/AWSSQS.framework; sourceTree = "<group>"; };
		BFC15001191F7D5A003C439D /* Repro.framework */ = {isa = PBXFileReference; lastKnownFileType = wrapper.framework; name = Repro.framework; path = vendor/Repro.framework; sourceTree = "<group>"; };
		BFC15006191F7D6B003C439D /* AVFoundation.framework */ = {isa = PBXFileReference; lastKnownFileType = wrapper.framework; name = AVFoundation.framework; path = System/Library/Frameworks/AVFoundation.framework; sourceTree = SDKROOT; };
		BFC15008191F7D72003C439D /* CoreMedia.framework */ = {isa = PBXFileReference; lastKnownFileType = wrapper.framework; name = CoreMedia.framework; path = System/Library/Frameworks/CoreMedia.framework; sourceTree = SDKROOT; };
/* End PBXFileReference section */

/* Begin PBXFrameworksBuildPhase section */
		BFC14FC0191F7D15003C439D /* Frameworks */ = {
			isa = PBXFrameworksBuildPhase;
			buildActionMask = 2147483647;
			files = (
				BFC15009191F7D72003C439D /* CoreMedia.framework in Frameworks */,
				BFC15007191F7D6B003C439D /* AVFoundation.framework in Frameworks */,
				BFC14FC9191F7D15003C439D /* CoreGraphics.framework in Frameworks */,
				BFC14FCB191F7D15003C439D /* UIKit.framework in Frameworks */,
				BFC15005191F7D5A003C439D /* Repro.framework in Frameworks */,
				BFC14FC7191F7D15003C439D /* Foundation.framework in Frameworks */,
				BFC15002191F7D5A003C439D /* AWSRuntime.framework in Frameworks */,
				BFC15004191F7D5A003C439D /* AWSSQS.framework in Frameworks */,
				BFC15003191F7D5A003C439D /* AWSS3.framework in Frameworks */,
			);
			runOnlyForDeploymentPostprocessing = 0;
		};
		BFC14FE4191F7D15003C439D /* Frameworks */ = {
			isa = PBXFrameworksBuildPhase;
			buildActionMask = 2147483647;
			files = (
				BFC14FE9191F7D15003C439D /* XCTest.framework in Frameworks */,
				BFC14FEB191F7D15003C439D /* UIKit.framework in Frameworks */,
				BFC14FEA191F7D15003C439D /* Foundation.framework in Frameworks */,
			);
			runOnlyForDeploymentPostprocessing = 0;
		};
/* End PBXFrameworksBuildPhase section */

/* Begin PBXGroup section */
		BFC14FBA191F7D15003C439D = {
			isa = PBXGroup;
			children = (
				BFC14FCC191F7D15003C439D /* ReproInsight */,
				BFC14FEE191F7D15003C439D /* ReproInsightTests */,
				BFC14FC5191F7D15003C439D /* Frameworks */,
				BFC14FC4191F7D15003C439D /* Products */,
			);
			sourceTree = "<group>";
		};
		BFC14FC4191F7D15003C439D /* Products */ = {
			isa = PBXGroup;
			children = (
				BFC14FC3191F7D15003C439D /* ReproInsight.app */,
				BFC14FE7191F7D15003C439D /* ReproInsightTests.xctest */,
			);
			name = Products;
			sourceTree = "<group>";
		};
		BFC14FC5191F7D15003C439D /* Frameworks */ = {
			isa = PBXGroup;
			children = (
				BFC15008191F7D72003C439D /* CoreMedia.framework */,
				BFC15006191F7D6B003C439D /* AVFoundation.framework */,
				BFC14FFE191F7D5A003C439D /* AWSRuntime.framework */,
				BFC14FFF191F7D5A003C439D /* AWSS3.framework */,
				BFC15000191F7D5A003C439D /* AWSSQS.framework */,
				BFC15001191F7D5A003C439D /* Repro.framework */,
				BFC14FC6191F7D15003C439D /* Foundation.framework */,
				BFC14FC8191F7D15003C439D /* CoreGraphics.framework */,
				BFC14FCA191F7D15003C439D /* UIKit.framework */,
				BFC14FE8191F7D15003C439D /* XCTest.framework */,
			);
			name = Frameworks;
			sourceTree = "<group>";
		};
		BFC14FCC191F7D15003C439D /* ReproInsight */ = {
			isa = PBXGroup;
			children = (
				BFC14FD5191F7D15003C439D /* AppDelegate.h */,
				BFC14FD6191F7D15003C439D /* AppDelegate.m */,
				BFC14FD8191F7D15003C439D /* Main.storyboard */,
				BFC14FDB191F7D15003C439D /* MasterViewController.h */,
				BFC14FDC191F7D15003C439D /* MasterViewController.m */,
				BFC14FDE191F7D15003C439D /* DetailViewController.h */,
				BFC14FDF191F7D15003C439D /* DetailViewController.m */,
				BFC14FE1191F7D15003C439D /* Images.xcassets */,
				BFC14FCD191F7D15003C439D /* Supporting Files */,
			);
			path = ReproInsight;
			sourceTree = "<group>";
		};
		BFC14FCD191F7D15003C439D /* Supporting Files */ = {
			isa = PBXGroup;
			children = (
				BFC14FCE191F7D15003C439D /* ReproInsight-Info.plist */,
				BFC14FCF191F7D15003C439D /* InfoPlist.strings */,
				BFC14FD2191F7D15003C439D /* main.m */,
				BFC14FD4191F7D15003C439D /* ReproInsight-Prefix.pch */,
			);
			name = "Supporting Files";
			sourceTree = "<group>";
		};
		BFC14FEE191F7D15003C439D /* ReproInsightTests */ = {
			isa = PBXGroup;
			children = (
				BFC14FF4191F7D15003C439D /* ReproInsightTests.m */,
				BFC14FEF191F7D15003C439D /* Supporting Files */,
			);
			path = ReproInsightTests;
			sourceTree = "<group>";
		};
		BFC14FEF191F7D15003C439D /* Supporting Files */ = {
			isa = PBXGroup;
			children = (
				BFC14FF0191F7D15003C439D /* ReproInsightTests-Info.plist */,
				BFC14FF1191F7D15003C439D /* InfoPlist.strings */,
			);
			name = "Supporting Files";
			sourceTree = "<group>";
		};
/* End PBXGroup section */

/* Begin PBXNativeTarget section */
		BFC14FC2191F7D15003C439D /* ReproInsight */ = {
			isa = PBXNativeTarget;
			buildConfigurationList = BFC14FF8191F7D15003C439D /* Build configuration list for PBXNativeTarget "ReproInsight" */;
			buildPhases = (
				BFC14FBF191F7D15003C439D /* Sources */,
				BFC14FC0191F7D15003C439D /* Frameworks */,
				BFC14FC1191F7D15003C439D /* Resources */,
			);
			buildRules = (
			);
			dependencies = (
			);
			name = ReproInsight;
			productName = ReproInsight;
			productReference = BFC14FC3191F7D15003C439D /* ReproInsight.app */;
			productType = "com.apple.product-type.application";
		};
		BFC14FE6191F7D15003C439D /* ReproInsightTests */ = {
			isa = PBXNativeTarget;
			buildConfigurationList = BFC14FFB191F7D15003C439D /* Build configuration list for PBXNativeTarget "ReproInsightTests" */;
			buildPhases = (
				BFC14FE3191F7D15003C439D /* Sources */,
				BFC14FE4191F7D15003C439D /* Frameworks */,
				BFC14FE5191F7D15003C439D /* Resources */,
			);
			buildRules = (
			);
			dependencies = (
				BFC14FED191F7D15003C439D /* PBXTargetDependency */,
			);
			name = ReproInsightTests;
			productName = ReproInsightTests;
			productReference = BFC14FE7191F7D15003C439D /* ReproInsightTests.xctest */;
			productType = "com.apple.product-type.bundle.unit-test";
		};
/* End PBXNativeTarget section */

/* Begin PBXProject section */
		BFC14FBB191F7D15003C439D /* Project object */ = {
			isa = PBXProject;
			attributes = {
				LastUpgradeCheck = 0510;
				ORGANIZATIONNAME = akira;
				TargetAttributes = {
					BFC14FE6191F7D15003C439D = {
						TestTargetID = BFC14FC2191F7D15003C439D;
					};
				};
			};
			buildConfigurationList = BFC14FBE191F7D15003C439D /* Build configuration list for PBXProject "ReproInsight" */;
			compatibilityVersion = "Xcode 3.2";
			developmentRegion = English;
			hasScannedForEncodings = 0;
			knownRegions = (
				en,
				Base,
			);
			mainGroup = BFC14FBA191F7D15003C439D;
			productRefGroup = BFC14FC4191F7D15003C439D /* Products */;
			projectDirPath = "";
			projectRoot = "";
			targets = (
				BFC14FC2191F7D15003C439D /* ReproInsight */,
				BFC14FE6191F7D15003C439D /* ReproInsightTests */,
			);
		};
/* End PBXProject section */

/* Begin PBXResourcesBuildPhase section */
		BFC14FC1191F7D15003C439D /* Resources */ = {
			isa = PBXResourcesBuildPhase;
			buildActionMask = 2147483647;
			files = (
				BFC14FE2191F7D15003C439D /* Images.xcassets in Resources */,
				BFC14FD1191F7D15003C439D /* InfoPlist.strings in Resources */,
				BFC14FDA191F7D15003C439D /* Main.storyboard in Resources */,
			);
			runOnlyForDeploymentPostprocessing = 0;
		};
		BFC14FE5191F7D15003C439D /* Resources */ = {
			isa = PBXResourcesBuildPhase;
			buildActionMask = 2147483647;
			files = (
				BFC14FF3191F7D15003C439D /* InfoPlist.strings in Resources */,
			);
			runOnlyForDeploymentPostprocessing = 0;
		};
/* End PBXResourcesBuildPhase section */

/* Begin PBXSourcesBuildPhase section */
		BFC14FBF191F7D15003C439D /* Sources */ = {
			isa = PBXSourcesBuildPhase;
			buildActionMask = 2147483647;
			files = (
				BFC14FD7191F7D15003C439D /* AppDelegate.m in Sources */,
				BFC14FDD191F7D15003C439D /* MasterViewController.m in Sources */,
				BFC14FD3191F7D15003C439D /* main.m in Sources */,
				BFC14FE0191F7D15003C439D /* DetailViewController.m in Sources */,
			);
			runOnlyForDeploymentPostprocessing = 0;
		};
		BFC14FE3191F7D15003C439D /* Sources */ = {
			isa = PBXSourcesBuildPhase;
			buildActionMask = 2147483647;
			files = (
				BFC14FF5191F7D15003C439D /* ReproInsightTests.m in Sources */,
			);
			runOnlyForDeploymentPostprocessing = 0;
		};
/* End PBXSourcesBuildPhase section */

/* Begin PBXTargetDependency section */
		BFC14FED191F7D15003C439D /* PBXTargetDependency */ = {
			isa = PBXTargetDependency;
			target = BFC14FC2191F7D15003C439D /* ReproInsight */;
			targetProxy = BFC14FEC191F7D15003C439D /* PBXContainerItemProxy */;
		};
/* End PBXTargetDependency section */

/* Begin PBXVariantGroup section */
		BFC14FCF191F7D15003C439D /* InfoPlist.strings */ = {
			isa = PBXVariantGroup;
			children = (
				BFC14FD0191F7D15003C439D /* en */,
			);
			name = InfoPlist.strings;
			sourceTree = "<group>";
		};
		BFC14FD8191F7D15003C439D /* Main.storyboard */ = {
			isa = PBXVariantGroup;
			children = (
				BFC14FD9191F7D15003C439D /* Base */,
			);
			name = Main.storyboard;
			sourceTree = "<group>";
		};
		BFC14FF1191F7D15003C439D /* InfoPlist.strings */ = {
			isa = PBXVariantGroup;
			children = (
				BFC14FF2191F7D15003C439D /* en */,
			);
			name = InfoPlist.strings;
			sourceTree = "<group>";
		};
/* End PBXVariantGroup section */

/* Begin XCBuildConfiguration section */
		BFC14FF6191F7D15003C439D /* Debug */ = {
			isa = XCBuildConfiguration;
			buildSettings = {
				ALWAYS_SEARCH_USER_PATHS = NO;
				CLANG_CXX_LANGUAGE_STANDARD = "gnu++0x";
				CLANG_CXX_LIBRARY = "libc++";
				CLANG_ENABLE_MODULES = YES;
				CLANG_ENABLE_OBJC_ARC = YES;
				CLANG_WARN_BOOL_CONVERSION = YES;
				CLANG_WARN_CONSTANT_CONVERSION = YES;
				CLANG_WARN_DIRECT_OBJC_ISA_USAGE = YES_ERROR;
				CLANG_WARN_EMPTY_BODY = YES;
				CLANG_WARN_ENUM_CONVERSION = YES;
				CLANG_WARN_INT_CONVERSION = YES;
				CLANG_WARN_OBJC_ROOT_CLASS = YES_ERROR;
				CLANG_WARN__DUPLICATE_METHOD_MATCH = YES;
				"CODE_SIGN_IDENTITY[sdk=iphoneos*]" = "iPhone Developer";
				COPY_PHASE_STRIP = NO;
				GCC_C_LANGUAGE_STANDARD = gnu99;
				GCC_DYNAMIC_NO_PIC = NO;
				GCC_OPTIMIZATION_LEVEL = 0;
				GCC_PREPROCESSOR_DEFINITIONS = (
					"DEBUG=1",
					"$(inherited)",
				);
				GCC_SYMBOLS_PRIVATE_EXTERN = NO;
				GCC_WARN_64_TO_32_BIT_CONVERSION = YES;
				GCC_WARN_ABOUT_RETURN_TYPE = YES_ERROR;
				GCC_WARN_UNDECLARED_SELECTOR = YES;
				GCC_WARN_UNINITIALIZED_AUTOS = YES_AGGRESSIVE;
				GCC_WARN_UNUSED_FUNCTION = YES;
				GCC_WARN_UNUSED_VARIABLE = YES;
				IPHONEOS_DEPLOYMENT_TARGET = 7.1;
				ONLY_ACTIVE_ARCH = YES;
				SDKROOT = iphoneos;
			};
			name = Debug;
		};
		BFC14FF7191F7D15003C439D /* Release */ = {
			isa = XCBuildConfiguration;
			buildSettings = {
				ALWAYS_SEARCH_USER_PATHS = NO;
				CLANG_CXX_LANGUAGE_STANDARD = "gnu++0x";
				CLANG_CXX_LIBRARY = "libc++";
				CLANG_ENABLE_MODULES = YES;
				CLANG_ENABLE_OBJC_ARC = YES;
				CLANG_WARN_BOOL_CONVERSION = YES;
				CLANG_WARN_CONSTANT_CONVERSION = YES;
				CLANG_WARN_DIRECT_OBJC_ISA_USAGE = YES_ERROR;
				CLANG_WARN_EMPTY_BODY = YES;
				CLANG_WARN_ENUM_CONVERSION = YES;
				CLANG_WARN_INT_CONVERSION = YES;
				CLANG_WARN_OBJC_ROOT_CLASS = YES_ERROR;
				CLANG_WARN__DUPLICATE_METHOD_MATCH = YES;
				"CODE_SIGN_IDENTITY[sdk=iphoneos*]" = "iPhone Developer";
				COPY_PHASE_STRIP = YES;
				ENABLE_NS_ASSERTIONS = NO;
				GCC_C_LANGUAGE_STANDARD = gnu99;
				GCC_WARN_64_TO_32_BIT_CONVERSION = YES;
				GCC_WARN_ABOUT_RETURN_TYPE = YES_ERROR;
				GCC_WARN_UNDECLARED_SELECTOR = YES;
				GCC_WARN_UNINITIALIZED_AUTOS = YES_AGGRESSIVE;
				GCC_WARN_UNUSED_FUNCTION = YES;
				GCC_WARN_UNUSED_VARIABLE = YES;
				IPHONEOS_DEPLOYMENT_TARGET = 7.1;
				SDKROOT = iphoneos;
				VALIDATE_PRODUCT = YES;
			};
			name = Release;
		};
		BFC14FF9191F7D15003C439D /* Debug */ = {
			isa = XCBuildConfiguration;
			buildSettings = {
				ASSETCATALOG_COMPILER_APPICON_NAME = AppIcon;
				ASSETCATALOG_COMPILER_LAUNCHIMAGE_NAME = LaunchImage;
				FRAMEWORK_SEARCH_PATHS = (
					"$(inherited)",
					"$(PROJECT_DIR)/vendor",
				);
				GCC_PRECOMPILE_PREFIX_HEADER = YES;
				GCC_PREFIX_HEADER = "ReproInsight/ReproInsight-Prefix.pch";
				INFOPLIST_FILE = "ReproInsight/ReproInsight-Info.plist";
				OTHER_LDFLAGS = (
					"-all_load",
					"-Objc",
				);
				PRODUCT_NAME = "$(TARGET_NAME)";
				WRAPPER_EXTENSION = app;
			};
			name = Debug;
		};
		BFC14FFA191F7D15003C439D /* Release */ = {
			isa = XCBuildConfiguration;
			buildSettings = {
				ASSETCATALOG_COMPILER_APPICON_NAME = AppIcon;
				ASSETCATALOG_COMPILER_LAUNCHIMAGE_NAME = LaunchImage;
				FRAMEWORK_SEARCH_PATHS = (
					"$(inherited)",
					"$(PROJECT_DIR)/vendor",
				);
				GCC_PRECOMPILE_PREFIX_HEADER = YES;
				GCC_PREFIX_HEADER = "ReproInsight/ReproInsight-Prefix.pch";
				INFOPLIST_FILE = "ReproInsight/ReproInsight-Info.plist";
				OTHER_LDFLAGS = (
					"-all_load",
					"-Objc",
				);
				PRODUCT_NAME = "$(TARGET_NAME)";
				WRAPPER_EXTENSION = app;
			};
			name = Release;
		};
		BFC14FFC191F7D15003C439D /* Debug */ = {
			isa = XCBuildConfiguration;
			buildSettings = {
				BUNDLE_LOADER = "$(BUILT_PRODUCTS_DIR)/ReproInsight.app/ReproInsight";
				FRAMEWORK_SEARCH_PATHS = (
					"$(SDKROOT)/Developer/Library/Frameworks",
					"$(inherited)",
					"$(DEVELOPER_FRAMEWORKS_DIR)",
				);
				GCC_PRECOMPILE_PREFIX_HEADER = YES;
				GCC_PREFIX_HEADER = "ReproInsight/ReproInsight-Prefix.pch";
				GCC_PREPROCESSOR_DEFINITIONS = (
					"DEBUG=1",
					"$(inherited)",
				);
				INFOPLIST_FILE = "ReproInsightTests/ReproInsightTests-Info.plist";
				PRODUCT_NAME = "$(TARGET_NAME)";
				TEST_HOST = "$(BUNDLE_LOADER)";
				WRAPPER_EXTENSION = xctest;
			};
			name = Debug;
		};
		BFC14FFD191F7D15003C439D /* Release */ = {
			isa = XCBuildConfiguration;
			buildSettings = {
				BUNDLE_LOADER = "$(BUILT_PRODUCTS_DIR)/ReproInsight.app/ReproInsight";
				FRAMEWORK_SEARCH_PATHS = (
					"$(SDKROOT)/Developer/Library/Frameworks",
					"$(inherited)",
					"$(DEVELOPER_FRAMEWORKS_DIR)",
				);
				GCC_PRECOMPILE_PREFIX_HEADER = YES;
				GCC_PREFIX_HEADER = "ReproInsight/ReproInsight-Prefix.pch";
				INFOPLIST_FILE = "ReproInsightTests/ReproInsightTests-Info.plist";
				PRODUCT_NAME = "$(TARGET_NAME)";
				TEST_HOST = "$(BUNDLE_LOADER)";
				WRAPPER_EXTENSION = xctest;
			};
			name = Release;
		};
/* End XCBuildConfiguration section */

/* Begin XCConfigurationList section */
		BFC14FBE191F7D15003C439D /* Build configuration list for PBXProject "ReproInsight" */ = {
			isa = XCConfigurationList;
			buildConfigurations = (
				BFC14FF6191F7D15003C439D /* Debug */,
				BFC14FF7191F7D15003C439D /* Release */,
			);
			defaultConfigurationIsVisible = 0;
			defaultConfigurationName = Release;
		};
		BFC14FF8191F7D15003C439D /* Build configuration list for PBXNativeTarget "ReproInsight" */ = {
			isa = XCConfigurationList;
			buildConfigurations = (
				BFC14FF9191F7D15003C439D /* Debug */,
				BFC14FFA191F7D15003C439D /* Release */,
			);
			defaultConfigurationIsVisible = 0;
		};
		BFC14FFB191F7D15003C439D /* Build configuration list for PBXNativeTarget "ReproInsightTests" */ = {
			isa = XCConfigurationList;
			buildConfigurations = (
				BFC14FFC191F7D15003C439D /* Debug */,
				BFC14FFD191F7D15003C439D /* Release */,
			);
			defaultConfigurationIsVisible = 0;
		};
/* End XCConfigurationList section */
	};
	rootObject = BFC14FBB191F7D15003C439D /* Project object */;
}
