// !$*UTF8*$!
{
	archiveVersion = 1;
	classes = {
	};
	objectVersion = 46;
	objects = {

/* Begin PBXBuildFile section */
		BF9BCC4818EA736E00960290 /* Foundation.framework in Frameworks */ = {isa = PBXBuildFile; fileRef = BF9BCC4718EA736E00960290 /* Foundation.framework */; };
		BF9BCC4A18EA736E00960290 /* CoreGraphics.framework in Frameworks */ = {isa = PBXBuildFile; fileRef = BF9BCC4918EA736E00960290 /* CoreGraphics.framework */; };
		BF9BCC4C18EA736E00960290 /* UIKit.framework in Frameworks */ = {isa = PBXBuildFile; fileRef = BF9BCC4B18EA736E00960290 /* UIKit.framework */; };
		BF9BCC5218EA736E00960290 /* InfoPlist.strings in Resources */ = {isa = PBXBuildFile; fileRef = BF9BCC5018EA736E00960290 /* InfoPlist.strings */; };
		BF9BCC5418EA736E00960290 /* main.m in Sources */ = {isa = PBXBuildFile; fileRef = BF9BCC5318EA736E00960290 /* main.m */; };
		BF9BCC5818EA736E00960290 /* AppDelegate.m in Sources */ = {isa = PBXBuildFile; fileRef = BF9BCC5718EA736E00960290 /* AppDelegate.m */; };
		BF9BCC5B18EA736E00960290 /* Main.storyboard in Resources */ = {isa = PBXBuildFile; fileRef = BF9BCC5918EA736E00960290 /* Main.storyboard */; };
		BF9BCC5E18EA736E00960290 /* MasterViewController.m in Sources */ = {isa = PBXBuildFile; fileRef = BF9BCC5D18EA736E00960290 /* MasterViewController.m */; };
		BF9BCC6118EA736E00960290 /* DetailViewController.m in Sources */ = {isa = PBXBuildFile; fileRef = BF9BCC6018EA736E00960290 /* DetailViewController.m */; };
		BF9BCC6318EA736E00960290 /* Images.xcassets in Resources */ = {isa = PBXBuildFile; fileRef = BF9BCC6218EA736E00960290 /* Images.xcassets */; };
		BF9BCC6A18EA736E00960290 /* XCTest.framework in Frameworks */ = {isa = PBXBuildFile; fileRef = BF9BCC6918EA736E00960290 /* XCTest.framework */; };
		BF9BCC6B18EA736E00960290 /* Foundation.framework in Frameworks */ = {isa = PBXBuildFile; fileRef = BF9BCC4718EA736E00960290 /* Foundation.framework */; };
		BF9BCC6C18EA736E00960290 /* UIKit.framework in Frameworks */ = {isa = PBXBuildFile; fileRef = BF9BCC4B18EA736E00960290 /* UIKit.framework */; };
		BF9BCC7418EA736E00960290 /* InfoPlist.strings in Resources */ = {isa = PBXBuildFile; fileRef = BF9BCC7218EA736E00960290 /* InfoPlist.strings */; };
		BF9BCC7618EA736E00960290 /* ReproViewExampleTests.m in Sources */ = {isa = PBXBuildFile; fileRef = BF9BCC7518EA736E00960290 /* ReproViewExampleTests.m */; };
		BF9BCC8618EA770A00960290 /* AVFoundation.framework in Frameworks */ = {isa = PBXBuildFile; fileRef = BF9BCC8518EA770A00960290 /* AVFoundation.framework */; };
		BFB36E4A18F5284C00A793D4 /* CoreMedia.framework in Frameworks */ = {isa = PBXBuildFile; fileRef = BFB36E4918F5284C00A793D4 /* CoreMedia.framework */; };
		BFD5787818EACE6700292EE3 /* AWSRuntime.framework in Frameworks */ = {isa = PBXBuildFile; fileRef = BFD5787518EACE6700292EE3 /* AWSRuntime.framework */; };
		BFD5787918EACE6700292EE3 /* AWSS3.framework in Frameworks */ = {isa = PBXBuildFile; fileRef = BFD5787618EACE6700292EE3 /* AWSS3.framework */; };
		BFD5787A18EACE6700292EE3 /* AWSSQS.framework in Frameworks */ = {isa = PBXBuildFile; fileRef = BFD5787718EACE6700292EE3 /* AWSSQS.framework */; };
		BFE1B4C518EA8AC400631AEB /* Repro.framework in Frameworks */ = {isa = PBXBuildFile; fileRef = BFE1B4C218EA8AC300631AEB /* Repro.framework */; };
/* End PBXBuildFile section */

/* Begin PBXContainerItemProxy section */
		BF9BCC6D18EA736E00960290 /* PBXContainerItemProxy */ = {
			isa = PBXContainerItemProxy;
			containerPortal = BF9BCC3C18EA736E00960290 /* Project object */;
			proxyType = 1;
			remoteGlobalIDString = BF9BCC4318EA736E00960290;
			remoteInfo = ReproExample;
		};
/* End PBXContainerItemProxy section */

/* Begin PBXFileReference section */
		BF9BCC4418EA736E00960290 /* ReproViewExample.app */ = {isa = PBXFileReference; explicitFileType = wrapper.application; includeInIndex = 0; path = ReproViewExample.app; sourceTree = BUILT_PRODUCTS_DIR; };
		BF9BCC4718EA736E00960290 /* Foundation.framework */ = {isa = PBXFileReference; lastKnownFileType = wrapper.framework; name = Foundation.framework; path = System/Library/Frameworks/Foundation.framework; sourceTree = SDKROOT; };
		BF9BCC4918EA736E00960290 /* CoreGraphics.framework */ = {isa = PBXFileReference; lastKnownFileType = wrapper.framework; name = CoreGraphics.framework; path = System/Library/Frameworks/CoreGraphics.framework; sourceTree = SDKROOT; };
		BF9BCC4B18EA736E00960290 /* UIKit.framework */ = {isa = PBXFileReference; lastKnownFileType = wrapper.framework; name = UIKit.framework; path = System/Library/Frameworks/UIKit.framework; sourceTree = SDKROOT; };
		BF9BCC4F18EA736E00960290 /* ReproViewExample-Info.plist */ = {isa = PBXFileReference; lastKnownFileType = text.plist.xml; path = "ReproViewExample-Info.plist"; sourceTree = "<group>"; };
		BF9BCC5118EA736E00960290 /* en */ = {isa = PBXFileReference; lastKnownFileType = text.plist.strings; name = en; path = en.lproj/InfoPlist.strings; sourceTree = "<group>"; };
		BF9BCC5318EA736E00960290 /* main.m */ = {isa = PBXFileReference; lastKnownFileType = sourcecode.c.objc; path = main.m; sourceTree = "<group>"; };
		BF9BCC5518EA736E00960290 /* ReproViewExample-Prefix.pch */ = {isa = PBXFileReference; lastKnownFileType = sourcecode.c.h; path = "ReproViewExample-Prefix.pch"; sourceTree = "<group>"; };
		BF9BCC5618EA736E00960290 /* AppDelegate.h */ = {isa = PBXFileReference; lastKnownFileType = sourcecode.c.h; path = AppDelegate.h; sourceTree = "<group>"; };
		BF9BCC5718EA736E00960290 /* AppDelegate.m */ = {isa = PBXFileReference; lastKnownFileType = sourcecode.c.objc; path = AppDelegate.m; sourceTree = "<group>"; };
		BF9BCC5A18EA736E00960290 /* Base */ = {isa = PBXFileReference; lastKnownFileType = file.storyboard; name = Base; path = Base.lproj/Main.storyboard; sourceTree = "<group>"; };
		BF9BCC5C18EA736E00960290 /* MasterViewController.h */ = {isa = PBXFileReference; lastKnownFileType = sourcecode.c.h; path = MasterViewController.h; sourceTree = "<group>"; };
		BF9BCC5D18EA736E00960290 /* MasterViewController.m */ = {isa = PBXFileReference; lastKnownFileType = sourcecode.c.objc; path = MasterViewController.m; sourceTree = "<group>"; };
		BF9BCC5F18EA736E00960290 /* DetailViewController.h */ = {isa = PBXFileReference; lastKnownFileType = sourcecode.c.h; path = DetailViewController.h; sourceTree = "<group>"; };
		BF9BCC6018EA736E00960290 /* DetailViewController.m */ = {isa = PBXFileReference; lastKnownFileType = sourcecode.c.objc; path = DetailViewController.m; sourceTree = "<group>"; };
		BF9BCC6218EA736E00960290 /* Images.xcassets */ = {isa = PBXFileReference; lastKnownFileType = folder.assetcatalog; path = Images.xcassets; sourceTree = "<group>"; };
		BF9BCC6818EA736E00960290 /* ReproViewExampleTests.xctest */ = {isa = PBXFileReference; explicitFileType = wrapper.cfbundle; includeInIndex = 0; path = ReproViewExampleTests.xctest; sourceTree = BUILT_PRODUCTS_DIR; };
		BF9BCC6918EA736E00960290 /* XCTest.framework */ = {isa = PBXFileReference; lastKnownFileType = wrapper.framework; name = XCTest.framework; path = Library/Frameworks/XCTest.framework; sourceTree = DEVELOPER_DIR; };
		BF9BCC7118EA736E00960290 /* ReproViewExampleTests-Info.plist */ = {isa = PBXFileReference; lastKnownFileType = text.plist.xml; path = "ReproViewExampleTests-Info.plist"; sourceTree = "<group>"; };
		BF9BCC7318EA736E00960290 /* en */ = {isa = PBXFileReference; lastKnownFileType = text.plist.strings; name = en; path = en.lproj/InfoPlist.strings; sourceTree = "<group>"; };
		BF9BCC7518EA736E00960290 /* ReproViewExampleTests.m */ = {isa = PBXFileReference; lastKnownFileType = sourcecode.c.objc; path = ReproViewExampleTests.m; sourceTree = "<group>"; };
		BF9BCC8518EA770A00960290 /* AVFoundation.framework */ = {isa = PBXFileReference; lastKnownFileType = wrapper.framework; name = AVFoundation.framework; path = System/Library/Frameworks/AVFoundation.framework; sourceTree = SDKROOT; };
		BFB36E4718F5283F00A793D4 /* CoreVideo.framework */ = {isa = PBXFileReference; lastKnownFileType = wrapper.framework; name = CoreVideo.framework; path = System/Library/Frameworks/CoreVideo.framework; sourceTree = SDKROOT; };
		BFB36E4918F5284C00A793D4 /* CoreMedia.framework */ = {isa = PBXFileReference; lastKnownFileType = wrapper.framework; name = CoreMedia.framework; path = System/Library/Frameworks/CoreMedia.framework; sourceTree = SDKROOT; };
		BFD5787518EACE6700292EE3 /* AWSRuntime.framework */ = {isa = PBXFileReference; lastKnownFileType = wrapper.framework; name = AWSRuntime.framework; path = vendor/AWSRuntime.framework; sourceTree = "<group>"; };
		BFD5787618EACE6700292EE3 /* AWSS3.framework */ = {isa = PBXFileReference; lastKnownFileType = wrapper.framework; name = AWSS3.framework; path = vendor/AWSS3.framework; sourceTree = "<group>"; };
		BFD5787718EACE6700292EE3 /* AWSSQS.framework */ = {isa = PBXFileReference; lastKnownFileType = wrapper.framework; name = AWSSQS.framework; path = vendor/AWSSQS.framework; sourceTree = "<group>"; };
		BFE1B4C218EA8AC300631AEB /* Repro.framework */ = {isa = PBXFileReference; lastKnownFileType = wrapper.framework; name = Repro.framework; path = vendor/Repro.framework; sourceTree = "<group>"; };
/* End PBXFileReference section */

/* Begin PBXFrameworksBuildPhase section */
		BF9BCC4118EA736E00960290 /* Frameworks */ = {
			isa = PBXFrameworksBuildPhase;
			buildActionMask = 2147483647;
			files = (
				BFB36E4A18F5284C00A793D4 /* CoreMedia.framework in Frameworks */,
				BF9BCC4A18EA736E00960290 /* CoreGraphics.framework in Frameworks */,
				BF9BCC4C18EA736E00960290 /* UIKit.framework in Frameworks */,
				BF9BCC8618EA770A00960290 /* AVFoundation.framework in Frameworks */,
				BFD5787918EACE6700292EE3 /* AWSS3.framework in Frameworks */,
				BFD5787818EACE6700292EE3 /* AWSRuntime.framework in Frameworks */,
				BFD5787A18EACE6700292EE3 /* AWSSQS.framework in Frameworks */,
				BFE1B4C518EA8AC400631AEB /* Repro.framework in Frameworks */,
				BF9BCC4818EA736E00960290 /* Foundation.framework in Frameworks */,
			);
			runOnlyForDeploymentPostprocessing = 0;
		};
		BF9BCC6518EA736E00960290 /* Frameworks */ = {
			isa = PBXFrameworksBuildPhase;
			buildActionMask = 2147483647;
			files = (
				BF9BCC6A18EA736E00960290 /* XCTest.framework in Frameworks */,
				BF9BCC6C18EA736E00960290 /* UIKit.framework in Frameworks */,
				BF9BCC6B18EA736E00960290 /* Foundation.framework in Frameworks */,
			);
			runOnlyForDeploymentPostprocessing = 0;
		};
/* End PBXFrameworksBuildPhase section */

/* Begin PBXGroup section */
		BF9BCC3B18EA736E00960290 = {
			isa = PBXGroup;
			children = (
				BF9BCC4D18EA736E00960290 /* ReproViewExample */,
				BF9BCC6F18EA736E00960290 /* ReproViewExampleTests */,
				BF9BCC4618EA736E00960290 /* Frameworks */,
				BF9BCC4518EA736E00960290 /* Products */,
			);
			sourceTree = "<group>";
		};
		BF9BCC4518EA736E00960290 /* Products */ = {
			isa = PBXGroup;
			children = (
				BF9BCC4418EA736E00960290 /* ReproViewExample.app */,
				BF9BCC6818EA736E00960290 /* ReproViewExampleTests.xctest */,
			);
			name = Products;
			sourceTree = "<group>";
		};
		BF9BCC4618EA736E00960290 /* Frameworks */ = {
			isa = PBXGroup;
			children = (
				BFB36E4918F5284C00A793D4 /* CoreMedia.framework */,
				BFB36E4718F5283F00A793D4 /* CoreVideo.framework */,
				BFD5787518EACE6700292EE3 /* AWSRuntime.framework */,
				BFD5787618EACE6700292EE3 /* AWSS3.framework */,
				BFD5787718EACE6700292EE3 /* AWSSQS.framework */,
				BFE1B4C218EA8AC300631AEB /* Repro.framework */,
				BF9BCC8518EA770A00960290 /* AVFoundation.framework */,
				BF9BCC4718EA736E00960290 /* Foundation.framework */,
				BF9BCC4918EA736E00960290 /* CoreGraphics.framework */,
				BF9BCC4B18EA736E00960290 /* UIKit.framework */,
				BF9BCC6918EA736E00960290 /* XCTest.framework */,
			);
			name = Frameworks;
			sourceTree = "<group>";
		};
		BF9BCC4D18EA736E00960290 /* ReproViewExample */ = {
			isa = PBXGroup;
			children = (
				BF9BCC5618EA736E00960290 /* AppDelegate.h */,
				BF9BCC5718EA736E00960290 /* AppDelegate.m */,
				BF9BCC5918EA736E00960290 /* Main.storyboard */,
				BF9BCC5C18EA736E00960290 /* MasterViewController.h */,
				BF9BCC5D18EA736E00960290 /* MasterViewController.m */,
				BF9BCC5F18EA736E00960290 /* DetailViewController.h */,
				BF9BCC6018EA736E00960290 /* DetailViewController.m */,
				BF9BCC6218EA736E00960290 /* Images.xcassets */,
				BF9BCC4E18EA736E00960290 /* Supporting Files */,
			);
			name = ReproViewExample;
			path = ReproVIewExample;
			sourceTree = "<group>";
		};
		BF9BCC4E18EA736E00960290 /* Supporting Files */ = {
			isa = PBXGroup;
			children = (
				BF9BCC4F18EA736E00960290 /* ReproViewExample-Info.plist */,
				BF9BCC5018EA736E00960290 /* InfoPlist.strings */,
				BF9BCC5318EA736E00960290 /* main.m */,
				BF9BCC5518EA736E00960290 /* ReproViewExample-Prefix.pch */,
			);
			name = "Supporting Files";
			sourceTree = "<group>";
		};
		BF9BCC6F18EA736E00960290 /* ReproViewExampleTests */ = {
			isa = PBXGroup;
			children = (
				BF9BCC7518EA736E00960290 /* ReproViewExampleTests.m */,
				BF9BCC7018EA736E00960290 /* Supporting Files */,
			);
			path = ReproViewExampleTests;
			sourceTree = "<group>";
		};
		BF9BCC7018EA736E00960290 /* Supporting Files */ = {
			isa = PBXGroup;
			children = (
				BF9BCC7118EA736E00960290 /* ReproViewExampleTests-Info.plist */,
				BF9BCC7218EA736E00960290 /* InfoPlist.strings */,
			);
			name = "Supporting Files";
			sourceTree = "<group>";
		};
/* End PBXGroup section */

/* Begin PBXNativeTarget section */
		BF9BCC4318EA736E00960290 /* ReproViewExample */ = {
			isa = PBXNativeTarget;
			buildConfigurationList = BF9BCC7918EA736E00960290 /* Build configuration list for PBXNativeTarget "ReproViewExample" */;
			buildPhases = (
				BF9BCC4018EA736E00960290 /* Sources */,
				BF9BCC4118EA736E00960290 /* Frameworks */,
				BF9BCC4218EA736E00960290 /* Resources */,
			);
			buildRules = (
			);
			dependencies = (
			);
			name = ReproViewExample;
			productName = ReproExample;
			productReference = BF9BCC4418EA736E00960290 /* ReproViewExample.app */;
			productType = "com.apple.product-type.application";
		};
		BF9BCC6718EA736E00960290 /* ReproViewExampleTests */ = {
			isa = PBXNativeTarget;
			buildConfigurationList = BF9BCC7C18EA736E00960290 /* Build configuration list for PBXNativeTarget "ReproViewExampleTests" */;
			buildPhases = (
				BF9BCC6418EA736E00960290 /* Sources */,
				BF9BCC6518EA736E00960290 /* Frameworks */,
				BF9BCC6618EA736E00960290 /* Resources */,
			);
			buildRules = (
			);
			dependencies = (
				BF9BCC6E18EA736E00960290 /* PBXTargetDependency */,
			);
			name = ReproViewExampleTests;
			productName = ReproExampleTests;
			productReference = BF9BCC6818EA736E00960290 /* ReproViewExampleTests.xctest */;
			productType = "com.apple.product-type.bundle.unit-test";
		};
/* End PBXNativeTarget section */

/* Begin PBXProject section */
		BF9BCC3C18EA736E00960290 /* Project object */ = {
			isa = PBXProject;
			attributes = {
				LastUpgradeCheck = 0510;
				ORGANIZATIONNAME = akira;
				TargetAttributes = {
					BF9BCC6718EA736E00960290 = {
						TestTargetID = BF9BCC4318EA736E00960290;
					};
				};
			};
			buildConfigurationList = BF9BCC3F18EA736E00960290 /* Build configuration list for PBXProject "ReproViewExample" */;
			compatibilityVersion = "Xcode 3.2";
			developmentRegion = English;
			hasScannedForEncodings = 0;
			knownRegions = (
				en,
				Base,
			);
			mainGroup = BF9BCC3B18EA736E00960290;
			productRefGroup = BF9BCC4518EA736E00960290 /* Products */;
			projectDirPath = "";
			projectRoot = "";
			targets = (
				BF9BCC4318EA736E00960290 /* ReproViewExample */,
				BF9BCC6718EA736E00960290 /* ReproViewExampleTests */,
			);
		};
/* End PBXProject section */

/* Begin PBXResourcesBuildPhase section */
		BF9BCC4218EA736E00960290 /* Resources */ = {
			isa = PBXResourcesBuildPhase;
			buildActionMask = 2147483647;
			files = (
				BF9BCC6318EA736E00960290 /* Images.xcassets in Resources */,
				BF9BCC5218EA736E00960290 /* InfoPlist.strings in Resources */,
				BF9BCC5B18EA736E00960290 /* Main.storyboard in Resources */,
			);
			runOnlyForDeploymentPostprocessing = 0;
		};
		BF9BCC6618EA736E00960290 /* Resources */ = {
			isa = PBXResourcesBuildPhase;
			buildActionMask = 2147483647;
			files = (
				BF9BCC7418EA736E00960290 /* InfoPlist.strings in Resources */,
			);
			runOnlyForDeploymentPostprocessing = 0;
		};
/* End PBXResourcesBuildPhase section */

/* Begin PBXSourcesBuildPhase section */
		BF9BCC4018EA736E00960290 /* Sources */ = {
			isa = PBXSourcesBuildPhase;
			buildActionMask = 2147483647;
			files = (
				BF9BCC5818EA736E00960290 /* AppDelegate.m in Sources */,
				BF9BCC5E18EA736E00960290 /* MasterViewController.m in Sources */,
				BF9BCC5418EA736E00960290 /* main.m in Sources */,
				BF9BCC6118EA736E00960290 /* DetailViewController.m in Sources */,
			);
			runOnlyForDeploymentPostprocessing = 0;
		};
		BF9BCC6418EA736E00960290 /* Sources */ = {
			isa = PBXSourcesBuildPhase;
			buildActionMask = 2147483647;
			files = (
				BF9BCC7618EA736E00960290 /* ReproViewExampleTests.m in Sources */,
			);
			runOnlyForDeploymentPostprocessing = 0;
		};
/* End PBXSourcesBuildPhase section */

/* Begin PBXTargetDependency section */
		BF9BCC6E18EA736E00960290 /* PBXTargetDependency */ = {
			isa = PBXTargetDependency;
			target = BF9BCC4318EA736E00960290 /* ReproViewExample */;
			targetProxy = BF9BCC6D18EA736E00960290 /* PBXContainerItemProxy */;
		};
/* End PBXTargetDependency section */

/* Begin PBXVariantGroup section */
		BF9BCC5018EA736E00960290 /* InfoPlist.strings */ = {
			isa = PBXVariantGroup;
			children = (
				BF9BCC5118EA736E00960290 /* en */,
			);
			name = InfoPlist.strings;
			sourceTree = "<group>";
		};
		BF9BCC5918EA736E00960290 /* Main.storyboard */ = {
			isa = PBXVariantGroup;
			children = (
				BF9BCC5A18EA736E00960290 /* Base */,
			);
			name = Main.storyboard;
			sourceTree = "<group>";
		};
		BF9BCC7218EA736E00960290 /* InfoPlist.strings */ = {
			isa = PBXVariantGroup;
			children = (
				BF9BCC7318EA736E00960290 /* en */,
			);
			name = InfoPlist.strings;
			sourceTree = "<group>";
		};
/* End PBXVariantGroup section */

/* Begin XCBuildConfiguration section */
		BF9BCC7718EA736E00960290 /* Debug */ = {
			isa = XCBuildConfiguration;
			buildSettings = {
				ALWAYS_SEARCH_USER_PATHS = NO;
				ARCHS = " $(ARCHS_STANDARD_32_BIT)";
				CLANG_CXX_LANGUAGE_STANDARD = "gnu++0x";
				CLANG_CXX_LIBRARY = "libc++";
				CLANG_ENABLE_MODULES = YES;
				CLANG_ENABLE_OBJC_ARC = YES;
				CLANG_WARN_BOOL_CONVERSION = YES;
				CLANG_WARN_CONSTANT_CONVERSION = YES;
				CLANG_WARN_DIRECT_OBJC_ISA_USAGE = YES_ERROR;
				CLANG_WARN_EMPTY_BODY = YES;
				CLANG_WARN_ENUM_CONVERSION = YES;
				CLANG_WARN_INT_CONVERSION = YES;
				CLANG_WARN_OBJC_ROOT_CLASS = YES_ERROR;
				CLANG_WARN__DUPLICATE_METHOD_MATCH = YES;
				"CODE_SIGN_IDENTITY[sdk=iphoneos*]" = "iPhone Developer";
				COPY_PHASE_STRIP = NO;
				GCC_C_LANGUAGE_STANDARD = gnu99;
				GCC_DYNAMIC_NO_PIC = NO;
				GCC_OPTIMIZATION_LEVEL = 0;
				GCC_PREPROCESSOR_DEFINITIONS = (
					"DEBUG=1",
					"$(inherited)",
				);
				GCC_SYMBOLS_PRIVATE_EXTERN = NO;
				GCC_WARN_64_TO_32_BIT_CONVERSION = YES;
				GCC_WARN_ABOUT_RETURN_TYPE = YES_ERROR;
				GCC_WARN_UNDECLARED_SELECTOR = YES;
				GCC_WARN_UNINITIALIZED_AUTOS = YES_AGGRESSIVE;
				GCC_WARN_UNUSED_FUNCTION = YES;
				GCC_WARN_UNUSED_VARIABLE = YES;
				IPHONEOS_DEPLOYMENT_TARGET = 7.1;
				ONLY_ACTIVE_ARCH = NO;
				OTHER_LDFLAGS = (
					"-all_load",
					"-Objc",
				);
				SDKROOT = iphoneos;
				VALID_ARCHS = "arm64 armv7";
			};
			name = Debug;
		};
		BF9BCC7818EA736E00960290 /* Release */ = {
			isa = XCBuildConfiguration;
			buildSettings = {
				ALWAYS_SEARCH_USER_PATHS = NO;
				ARCHS = " $(ARCHS_STANDARD_32_BIT)";
				CLANG_CXX_LANGUAGE_STANDARD = "gnu++0x";
				CLANG_CXX_LIBRARY = "libc++";
				CLANG_ENABLE_MODULES = YES;
				CLANG_ENABLE_OBJC_ARC = YES;
				CLANG_WARN_BOOL_CONVERSION = YES;
				CLANG_WARN_CONSTANT_CONVERSION = YES;
				CLANG_WARN_DIRECT_OBJC_ISA_USAGE = YES_ERROR;
				CLANG_WARN_EMPTY_BODY = YES;
				CLANG_WARN_ENUM_CONVERSION = YES;
				CLANG_WARN_INT_CONVERSION = YES;
				CLANG_WARN_OBJC_ROOT_CLASS = YES_ERROR;
				CLANG_WARN__DUPLICATE_METHOD_MATCH = YES;
				"CODE_SIGN_IDENTITY[sdk=iphoneos*]" = "iPhone Developer";
				COPY_PHASE_STRIP = YES;
				ENABLE_NS_ASSERTIONS = NO;
				GCC_C_LANGUAGE_STANDARD = gnu99;
				GCC_WARN_64_TO_32_BIT_CONVERSION = YES;
				GCC_WARN_ABOUT_RETURN_TYPE = YES_ERROR;
				GCC_WARN_UNDECLARED_SELECTOR = YES;
				GCC_WARN_UNINITIALIZED_AUTOS = YES_AGGRESSIVE;
				GCC_WARN_UNUSED_FUNCTION = YES;
				GCC_WARN_UNUSED_VARIABLE = YES;
				IPHONEOS_DEPLOYMENT_TARGET = 7.1;
				ONLY_ACTIVE_ARCH = NO;
				OTHER_LDFLAGS = (
					"-all_load",
					"-Objc",
				);
				SDKROOT = iphoneos;
				VALIDATE_PRODUCT = YES;
				VALID_ARCHS = "arm64 armv7";
			};
			name = Release;
		};
		BF9BCC7A18EA736E00960290 /* Debug */ = {
			isa = XCBuildConfiguration;
			buildSettings = {
				ASSETCATALOG_COMPILER_APPICON_NAME = AppIcon;
				ASSETCATALOG_COMPILER_LAUNCHIMAGE_NAME = LaunchImage;
				FRAMEWORK_SEARCH_PATHS = (
					"$(inherited)",
					"$(PROJECT_DIR)/vendor",
				);
				GCC_PRECOMPILE_PREFIX_HEADER = YES;
				GCC_PREFIX_HEADER = "ReproViewExample/ReproViewExample-Prefix.pch";
				INFOPLIST_FILE = "ReproViewExample/ReproViewExample-Info.plist";
				IPHONEOS_DEPLOYMENT_TARGET = 7.0;
				OTHER_LDFLAGS = (
					"-Objc",
					"-all_load",
				);
				PRODUCT_NAME = ReproViewExample;
				WRAPPER_EXTENSION = app;
			};
			name = Debug;
		};
		BF9BCC7B18EA736E00960290 /* Release */ = {
			isa = XCBuildConfiguration;
			buildSettings = {
				ASSETCATALOG_COMPILER_APPICON_NAME = AppIcon;
				ASSETCATALOG_COMPILER_LAUNCHIMAGE_NAME = LaunchImage;
				FRAMEWORK_SEARCH_PATHS = (
					"$(inherited)",
					"$(PROJECT_DIR)/vendor",
				);
				GCC_PRECOMPILE_PREFIX_HEADER = YES;
				GCC_PREFIX_HEADER = "ReproViewExample/ReproViewExample-Prefix.pch";
				INFOPLIST_FILE = "ReproViewExample/ReproViewExample-Info.plist";
				IPHONEOS_DEPLOYMENT_TARGET = 7.0;
				OTHER_LDFLAGS = (
					"-Objc",
					"-all_load",
				);
				PRODUCT_NAME = ReproViewExample;
				WRAPPER_EXTENSION = app;
			};
			name = Release;
		};
		BF9BCC7D18EA736E00960290 /* Debug */ = {
			isa = XCBuildConfiguration;
			buildSettings = {
				BUNDLE_LOADER = "$(BUILT_PRODUCTS_DIR)/ReproViewExample.app/ReproViewExample";
				FRAMEWORK_SEARCH_PATHS = (
					"$(SDKROOT)/Developer/Library/Frameworks",
					"$(inherited)",
					"$(DEVELOPER_FRAMEWORKS_DIR)",
				);
				GCC_PRECOMPILE_PREFIX_HEADER = YES;
				GCC_PREFIX_HEADER = "ReproViewExample/ReproViewExample-Prefix.pch";
				GCC_PREPROCESSOR_DEFINITIONS = (
					"DEBUG=1",
					"$(inherited)",
				);
				INFOPLIST_FILE = "ReproViewExampleTests/ReproViewExampleTests-Info.plist";
				PRODUCT_NAME = ReproViewExampleTests;
				TEST_HOST = "$(BUNDLE_LOADER)";
				WRAPPER_EXTENSION = xctest;
			};
			name = Debug;
		};
		BF9BCC7E18EA736E00960290 /* Release */ = {
			isa = XCBuildConfiguration;
			buildSettings = {
				BUNDLE_LOADER = "$(BUILT_PRODUCTS_DIR)/ReproViewExample.app/ReproViewExample";
				FRAMEWORK_SEARCH_PATHS = (
					"$(SDKROOT)/Developer/Library/Frameworks",
					"$(inherited)",
					"$(DEVELOPER_FRAMEWORKS_DIR)",
				);
				GCC_PRECOMPILE_PREFIX_HEADER = YES;
				GCC_PREFIX_HEADER = "ReproViewExample/ReproViewExample-Prefix.pch";
				INFOPLIST_FILE = "ReproViewExampleTests/ReproViewExampleTests-Info.plist";
				PRODUCT_NAME = ReproViewExampleTests;
				TEST_HOST = "$(BUNDLE_LOADER)";
				WRAPPER_EXTENSION = xctest;
			};
			name = Release;
		};
/* End XCBuildConfiguration section */

/* Begin XCConfigurationList section */
		BF9BCC3F18EA736E00960290 /* Build configuration list for PBXProject "ReproViewExample" */ = {
			isa = XCConfigurationList;
			buildConfigurations = (
				BF9BCC7718EA736E00960290 /* Debug */,
				BF9BCC7818EA736E00960290 /* Release */,
			);
			defaultConfigurationIsVisible = 0;
			defaultConfigurationName = Release;
		};
		BF9BCC7918EA736E00960290 /* Build configuration list for PBXNativeTarget "ReproViewExample" */ = {
			isa = XCConfigurationList;
			buildConfigurations = (
				BF9BCC7A18EA736E00960290 /* Debug */,
				BF9BCC7B18EA736E00960290 /* Release */,
			);
			defaultConfigurationIsVisible = 0;
			defaultConfigurationName = Release;
		};
		BF9BCC7C18EA736E00960290 /* Build configuration list for PBXNativeTarget "ReproViewExampleTests" */ = {
			isa = XCConfigurationList;
			buildConfigurations = (
				BF9BCC7D18EA736E00960290 /* Debug */,
				BF9BCC7E18EA736E00960290 /* Release */,
			);
			defaultConfigurationIsVisible = 0;
			defaultConfigurationName = Release;
		};
/* End XCConfigurationList section */
	};
	rootObject = BF9BCC3C18EA736E00960290 /* Project object */;
}
